// !$*UTF8*$!
{
	archiveVersion = 1;
	classes = {
	};
	objectVersion = 56;
	objects = {

/* Begin PBXBuildFile section */
		67656F362A0C1392005D67F8 /* KaileeMakesApp.swift in Sources */ = {isa = PBXBuildFile; fileRef = 67656F352A0C1392005D67F8 /* KaileeMakesApp.swift */; };
		67656F382A0C1392005D67F8 /* ContentView.swift in Sources */ = {isa = PBXBuildFile; fileRef = 67656F372A0C1392005D67F8 /* ContentView.swift */; };
		67656F3A2A0C1397005D67F8 /* Assets.xcassets in Resources */ = {isa = PBXBuildFile; fileRef = 67656F392A0C1397005D67F8 /* Assets.xcassets */; };
		67656F3D2A0C1397005D67F8 /* Preview Assets.xcassets in Resources */ = {isa = PBXBuildFile; fileRef = 67656F3C2A0C1397005D67F8 /* Preview Assets.xcassets */; };
		67656F472A0C1397005D67F8 /* KaileeMakesTests.swift in Sources */ = {isa = PBXBuildFile; fileRef = 67656F462A0C1397005D67F8 /* KaileeMakesTests.swift */; };
		67656F512A0C1397005D67F8 /* KaileeMakesUITests.swift in Sources */ = {isa = PBXBuildFile; fileRef = 67656F502A0C1397005D67F8 /* KaileeMakesUITests.swift */; };
		67656F532A0C1397005D67F8 /* KaileeMakesUITestsLaunchTests.swift in Sources */ = {isa = PBXBuildFile; fileRef = 67656F522A0C1397005D67F8 /* KaileeMakesUITestsLaunchTests.swift */; };
/* End PBXBuildFile section */

/* Begin PBXContainerItemProxy section */
		67656F432A0C1397005D67F8 /* PBXContainerItemProxy */ = {
			isa = PBXContainerItemProxy;
			containerPortal = 67656F2A2A0C1392005D67F8 /* Project object */;
			proxyType = 1;
			remoteGlobalIDString = 67656F312A0C1392005D67F8;
			remoteInfo = KaileeMakes;
		};
		67656F4D2A0C1397005D67F8 /* PBXContainerItemProxy */ = {
			isa = PBXContainerItemProxy;
			containerPortal = 67656F2A2A0C1392005D67F8 /* Project object */;
			proxyType = 1;
			remoteGlobalIDString = 67656F312A0C1392005D67F8;
			remoteInfo = KaileeMakes;
		};
/* End PBXContainerItemProxy section */

/* Begin PBXFileReference section */
		67656F322A0C1392005D67F8 /* KaileeMakes.app */ = {isa = PBXFileReference; explicitFileType = wrapper.application; includeInIndex = 0; path = KaileeMakes.app; sourceTree = BUILT_PRODUCTS_DIR; };
		67656F352A0C1392005D67F8 /* KaileeMakesApp.swift */ = {isa = PBXFileReference; lastKnownFileType = sourcecode.swift; path = KaileeMakesApp.swift; sourceTree = "<group>"; };
		67656F372A0C1392005D67F8 /* ContentView.swift */ = {isa = PBXFileReference; lastKnownFileType = sourcecode.swift; path = ContentView.swift; sourceTree = "<group>"; };
		67656F392A0C1397005D67F8 /* Assets.xcassets */ = {isa = PBXFileReference; lastKnownFileType = folder.assetcatalog; path = Assets.xcassets; sourceTree = "<group>"; };
		67656F3C2A0C1397005D67F8 /* Preview Assets.xcassets */ = {isa = PBXFileReference; lastKnownFileType = folder.assetcatalog; path = "Preview Assets.xcassets"; sourceTree = "<group>"; };
		67656F422A0C1397005D67F8 /* KaileeMakesTests.xctest */ = {isa = PBXFileReference; explicitFileType = wrapper.cfbundle; includeInIndex = 0; path = KaileeMakesTests.xctest; sourceTree = BUILT_PRODUCTS_DIR; };
		67656F462A0C1397005D67F8 /* KaileeMakesTests.swift */ = {isa = PBXFileReference; lastKnownFileType = sourcecode.swift; path = KaileeMakesTests.swift; sourceTree = "<group>"; };
		67656F4C2A0C1397005D67F8 /* KaileeMakesUITests.xctest */ = {isa = PBXFileReference; explicitFileType = wrapper.cfbundle; includeInIndex = 0; path = KaileeMakesUITests.xctest; sourceTree = BUILT_PRODUCTS_DIR; };
		67656F502A0C1397005D67F8 /* KaileeMakesUITests.swift */ = {isa = PBXFileReference; lastKnownFileType = sourcecode.swift; path = KaileeMakesUITests.swift; sourceTree = "<group>"; };
		67656F522A0C1397005D67F8 /* KaileeMakesUITestsLaunchTests.swift */ = {isa = PBXFileReference; lastKnownFileType = sourcecode.swift; path = KaileeMakesUITestsLaunchTests.swift; sourceTree = "<group>"; };
/* End PBXFileReference section */

/* Begin PBXFrameworksBuildPhase section */
		67656F2F2A0C1392005D67F8 /* Frameworks */ = {
			isa = PBXFrameworksBuildPhase;
			buildActionMask = 2147483647;
			files = (
			);
			runOnlyForDeploymentPostprocessing = 0;
		};
		67656F3F2A0C1397005D67F8 /* Frameworks */ = {
			isa = PBXFrameworksBuildPhase;
			buildActionMask = 2147483647;
			files = (
			);
			runOnlyForDeploymentPostprocessing = 0;
		};
		67656F492A0C1397005D67F8 /* Frameworks */ = {
			isa = PBXFrameworksBuildPhase;
			buildActionMask = 2147483647;
			files = (
			);
			runOnlyForDeploymentPostprocessing = 0;
		};
/* End PBXFrameworksBuildPhase section */

/* Begin PBXGroup section */
		67656F292A0C1392005D67F8 = {
			isa = PBXGroup;
			children = (
				67656F342A0C1392005D67F8 /* KaileeMakes */,
				67656F452A0C1397005D67F8 /* KaileeMakesTests */,
				67656F4F2A0C1397005D67F8 /* KaileeMakesUITests */,
				67656F332A0C1392005D67F8 /* Products */,
			);
			sourceTree = "<group>";
		};
		67656F332A0C1392005D67F8 /* Products */ = {
			isa = PBXGroup;
			children = (
				67656F322A0C1392005D67F8 /* KaileeMakes.app */,
				67656F422A0C1397005D67F8 /* KaileeMakesTests.xctest */,
				67656F4C2A0C1397005D67F8 /* KaileeMakesUITests.xctest */,
			);
			name = Products;
			sourceTree = "<group>";
		};
		67656F342A0C1392005D67F8 /* KaileeMakes */ = {
			isa = PBXGroup;
			children = (
				67656F352A0C1392005D67F8 /* KaileeMakesApp.swift */,
				67656F372A0C1392005D67F8 /* ContentView.swift */,
				67656F392A0C1397005D67F8 /* Assets.xcassets */,
				67656F3B2A0C1397005D67F8 /* Preview Content */,
			);
			path = KaileeMakes;
			sourceTree = "<group>";
		};
		67656F3B2A0C1397005D67F8 /* Preview Content */ = {
			isa = PBXGroup;
			children = (
				67656F3C2A0C1397005D67F8 /* Preview Assets.xcassets */,
			);
			path = "Preview Content";
			sourceTree = "<group>";
		};
		67656F452A0C1397005D67F8 /* KaileeMakesTests */ = {
			isa = PBXGroup;
			children = (
				67656F462A0C1397005D67F8 /* KaileeMakesTests.swift */,
			);
			path = KaileeMakesTests;
			sourceTree = "<group>";
		};
		67656F4F2A0C1397005D67F8 /* KaileeMakesUITests */ = {
			isa = PBXGroup;
			children = (
				67656F502A0C1397005D67F8 /* KaileeMakesUITests.swift */,
				67656F522A0C1397005D67F8 /* KaileeMakesUITestsLaunchTests.swift */,
			);
			path = KaileeMakesUITests;
			sourceTree = "<group>";
		};
/* End PBXGroup section */

/* Begin PBXNativeTarget section */
		67656F312A0C1392005D67F8 /* KaileeMakes */ = {
			isa = PBXNativeTarget;
			buildConfigurationList = 67656F562A0C1397005D67F8 /* Build configuration list for PBXNativeTarget "KaileeMakes" */;
			buildPhases = (
				67656F2E2A0C1392005D67F8 /* Sources */,
				67656F2F2A0C1392005D67F8 /* Frameworks */,
				67656F302A0C1392005D67F8 /* Resources */,
			);
			buildRules = (
			);
			dependencies = (
			);
			name = KaileeMakes;
			productName = KaileeMakes;
			productReference = 67656F322A0C1392005D67F8 /* KaileeMakes.app */;
			productType = "com.apple.product-type.application";
		};
		67656F412A0C1397005D67F8 /* KaileeMakesTests */ = {
			isa = PBXNativeTarget;
			buildConfigurationList = 67656F592A0C1397005D67F8 /* Build configuration list for PBXNativeTarget "KaileeMakesTests" */;
			buildPhases = (
				67656F3E2A0C1397005D67F8 /* Sources */,
				67656F3F2A0C1397005D67F8 /* Frameworks */,
				67656F402A0C1397005D67F8 /* Resources */,
			);
			buildRules = (
			);
			dependencies = (
				67656F442A0C1397005D67F8 /* PBXTargetDependency */,
			);
			name = KaileeMakesTests;
			productName = KaileeMakesTests;
			productReference = 67656F422A0C1397005D67F8 /* KaileeMakesTests.xctest */;
			productType = "com.apple.product-type.bundle.unit-test";
		};
		67656F4B2A0C1397005D67F8 /* KaileeMakesUITests */ = {
			isa = PBXNativeTarget;
			buildConfigurationList = 67656F5C2A0C1397005D67F8 /* Build configuration list for PBXNativeTarget "KaileeMakesUITests" */;
			buildPhases = (
				67656F482A0C1397005D67F8 /* Sources */,
				67656F492A0C1397005D67F8 /* Frameworks */,
				67656F4A2A0C1397005D67F8 /* Resources */,
			);
			buildRules = (
			);
			dependencies = (
				67656F4E2A0C1397005D67F8 /* PBXTargetDependency */,
			);
			name = KaileeMakesUITests;
			productName = KaileeMakesUITests;
			productReference = 67656F4C2A0C1397005D67F8 /* KaileeMakesUITests.xctest */;
			productType = "com.apple.product-type.bundle.ui-testing";
		};
/* End PBXNativeTarget section */

/* Begin PBXProject section */
		67656F2A2A0C1392005D67F8 /* Project object */ = {
			isa = PBXProject;
			attributes = {
				BuildIndependentTargetsInParallel = 1;
				LastSwiftUpdateCheck = 1430;
				LastUpgradeCheck = 1430;
				TargetAttributes = {
					67656F312A0C1392005D67F8 = {
						CreatedOnToolsVersion = 14.3;
					};
					67656F412A0C1397005D67F8 = {
						CreatedOnToolsVersion = 14.3;
						TestTargetID = 67656F312A0C1392005D67F8;
					};
					67656F4B2A0C1397005D67F8 = {
						CreatedOnToolsVersion = 14.3;
						TestTargetID = 67656F312A0C1392005D67F8;
					};
				};
			};
			buildConfigurationList = 67656F2D2A0C1392005D67F8 /* Build configuration list for PBXProject "KaileeMakes" */;
			compatibilityVersion = "Xcode 14.0";
			developmentRegion = en;
			hasScannedForEncodings = 0;
			knownRegions = (
				en,
				Base,
			);
			mainGroup = 67656F292A0C1392005D67F8;
			productRefGroup = 67656F332A0C1392005D67F8 /* Products */;
			projectDirPath = "";
			projectRoot = "";
			targets = (
				67656F312A0C1392005D67F8 /* KaileeMakes */,
				67656F412A0C1397005D67F8 /* KaileeMakesTests */,
				67656F4B2A0C1397005D67F8 /* KaileeMakesUITests */,
			);
		};
/* End PBXProject section */

/* Begin PBXResourcesBuildPhase section */
		67656F302A0C1392005D67F8 /* Resources */ = {
			isa = PBXResourcesBuildPhase;
			buildActionMask = 2147483647;
			files = (
				67656F3D2A0C1397005D67F8 /* Preview Assets.xcassets in Resources */,
				67656F3A2A0C1397005D67F8 /* Assets.xcassets in Resources */,
			);
			runOnlyForDeploymentPostprocessing = 0;
		};
		67656F402A0C1397005D67F8 /* Resources */ = {
			isa = PBXResourcesBuildPhase;
			buildActionMask = 2147483647;
			files = (
			);
			runOnlyForDeploymentPostprocessing = 0;
		};
		67656F4A2A0C1397005D67F8 /* Resources */ = {
			isa = PBXResourcesBuildPhase;
			buildActionMask = 2147483647;
			files = (
			);
			runOnlyForDeploymentPostprocessing = 0;
		};
/* End PBXResourcesBuildPhase section */

/* Begin PBXSourcesBuildPhase section */
		67656F2E2A0C1392005D67F8 /* Sources */ = {
			isa = PBXSourcesBuildPhase;
			buildActionMask = 2147483647;
			files = (
				67656F382A0C1392005D67F8 /* ContentView.swift in Sources */,
				67656F362A0C1392005D67F8 /* KaileeMakesApp.swift in Sources */,
			);
			runOnlyForDeploymentPostprocessing = 0;
		};
		67656F3E2A0C1397005D67F8 /* Sources */ = {
			isa = PBXSourcesBuildPhase;
			buildActionMask = 2147483647;
			files = (
				67656F472A0C1397005D67F8 /* KaileeMakesTests.swift in Sources */,
			);
			runOnlyForDeploymentPostprocessing = 0;
		};
		67656F482A0C1397005D67F8 /* Sources */ = {
			isa = PBXSourcesBuildPhase;
			buildActionMask = 2147483647;
			files = (
				67656F512A0C1397005D67F8 /* KaileeMakesUITests.swift in Sources */,
				67656F532A0C1397005D67F8 /* KaileeMakesUITestsLaunchTests.swift in Sources */,
			);
			runOnlyForDeploymentPostprocessing = 0;
		};
/* End PBXSourcesBuildPhase section */

/* Begin PBXTargetDependency section */
		67656F442A0C1397005D67F8 /* PBXTargetDependency */ = {
			isa = PBXTargetDependency;
			target = 67656F312A0C1392005D67F8 /* KaileeMakes */;
			targetProxy = 67656F432A0C1397005D67F8 /* PBXContainerItemProxy */;
		};
		67656F4E2A0C1397005D67F8 /* PBXTargetDependency */ = {
			isa = PBXTargetDependency;
			target = 67656F312A0C1392005D67F8 /* KaileeMakes */;
			targetProxy = 67656F4D2A0C1397005D67F8 /* PBXContainerItemProxy */;
		};
/* End PBXTargetDependency section */

/* Begin XCBuildConfiguration section */
		67656F542A0C1397005D67F8 /* Debug */ = {
			isa = XCBuildConfiguration;
			buildSettings = {
				ALWAYS_SEARCH_USER_PATHS = NO;
				CLANG_ANALYZER_NONNULL = YES;
				CLANG_ANALYZER_NUMBER_OBJECT_CONVERSION = YES_AGGRESSIVE;
				CLANG_CXX_LANGUAGE_STANDARD = "gnu++20";
				CLANG_ENABLE_MODULES = YES;
				CLANG_ENABLE_OBJC_ARC = YES;
				CLANG_ENABLE_OBJC_WEAK = YES;
				CLANG_WARN_BLOCK_CAPTURE_AUTORELEASING = YES;
				CLANG_WARN_BOOL_CONVERSION = YES;
				CLANG_WARN_COMMA = YES;
				CLANG_WARN_CONSTANT_CONVERSION = YES;
				CLANG_WARN_DEPRECATED_OBJC_IMPLEMENTATIONS = YES;
				CLANG_WARN_DIRECT_OBJC_ISA_USAGE = YES_ERROR;
				CLANG_WARN_DOCUMENTATION_COMMENTS = YES;
				CLANG_WARN_EMPTY_BODY = YES;
				CLANG_WARN_ENUM_CONVERSION = YES;
				CLANG_WARN_INFINITE_RECURSION = YES;
				CLANG_WARN_INT_CONVERSION = YES;
				CLANG_WARN_NON_LITERAL_NULL_CONVERSION = YES;
				CLANG_WARN_OBJC_IMPLICIT_RETAIN_SELF = YES;
				CLANG_WARN_OBJC_LITERAL_CONVERSION = YES;
				CLANG_WARN_OBJC_ROOT_CLASS = YES_ERROR;
				CLANG_WARN_QUOTED_INCLUDE_IN_FRAMEWORK_HEADER = YES;
				CLANG_WARN_RANGE_LOOP_ANALYSIS = YES;
				CLANG_WARN_STRICT_PROTOTYPES = YES;
				CLANG_WARN_SUSPICIOUS_MOVE = YES;
				CLANG_WARN_UNGUARDED_AVAILABILITY = YES_AGGRESSIVE;
				CLANG_WARN_UNREACHABLE_CODE = YES;
				CLANG_WARN__DUPLICATE_METHOD_MATCH = YES;
				COPY_PHASE_STRIP = NO;
				DEBUG_INFORMATION_FORMAT = dwarf;
				ENABLE_STRICT_OBJC_MSGSEND = YES;
				ENABLE_TESTABILITY = YES;
				GCC_C_LANGUAGE_STANDARD = gnu11;
				GCC_DYNAMIC_NO_PIC = NO;
				GCC_NO_COMMON_BLOCKS = YES;
				GCC_OPTIMIZATION_LEVEL = 0;
				GCC_PREPROCESSOR_DEFINITIONS = (
					"DEBUG=1",
					"$(inherited)",
				);
				GCC_WARN_64_TO_32_BIT_CONVERSION = YES;
				GCC_WARN_ABOUT_RETURN_TYPE = YES_ERROR;
				GCC_WARN_UNDECLARED_SELECTOR = YES;
				GCC_WARN_UNINITIALIZED_AUTOS = YES_AGGRESSIVE;
				GCC_WARN_UNUSED_FUNCTION = YES;
				GCC_WARN_UNUSED_VARIABLE = YES;
				IPHONEOS_DEPLOYMENT_TARGET = 16.4;
				MTL_ENABLE_DEBUG_INFO = INCLUDE_SOURCE;
				MTL_FAST_MATH = YES;
				ONLY_ACTIVE_ARCH = YES;
				SDKROOT = iphoneos;
				SWIFT_ACTIVE_COMPILATION_CONDITIONS = DEBUG;
				SWIFT_OPTIMIZATION_LEVEL = "-Onone";
			};
			name = Debug;
		};
		67656F552A0C1397005D67F8 /* Release */ = {
			isa = XCBuildConfiguration;
			buildSettings = {
				ALWAYS_SEARCH_USER_PATHS = NO;
				CLANG_ANALYZER_NONNULL = YES;
				CLANG_ANALYZER_NUMBER_OBJECT_CONVERSION = YES_AGGRESSIVE;
				CLANG_CXX_LANGUAGE_STANDARD = "gnu++20";
				CLANG_ENABLE_MODULES = YES;
				CLANG_ENABLE_OBJC_ARC = YES;
				CLANG_ENABLE_OBJC_WEAK = YES;
				CLANG_WARN_BLOCK_CAPTURE_AUTORELEASING = YES;
				CLANG_WARN_BOOL_CONVERSION = YES;
				CLANG_WARN_COMMA = YES;
				CLANG_WARN_CONSTANT_CONVERSION = YES;
				CLANG_WARN_DEPRECATED_OBJC_IMPLEMENTATIONS = YES;
				CLANG_WARN_DIRECT_OBJC_ISA_USAGE = YES_ERROR;
				CLANG_WARN_DOCUMENTATION_COMMENTS = YES;
				CLANG_WARN_EMPTY_BODY = YES;
				CLANG_WARN_ENUM_CONVERSION = YES;
				CLANG_WARN_INFINITE_RECURSION = YES;
				CLANG_WARN_INT_CONVERSION = YES;
				CLANG_WARN_NON_LITERAL_NULL_CONVERSION = YES;
				CLANG_WARN_OBJC_IMPLICIT_RETAIN_SELF = YES;
				CLANG_WARN_OBJC_LITERAL_CONVERSION = YES;
				CLANG_WARN_OBJC_ROOT_CLASS = YES_ERROR;
				CLANG_WARN_QUOTED_INCLUDE_IN_FRAMEWORK_HEADER = YES;
				CLANG_WARN_RANGE_LOOP_ANALYSIS = YES;
				CLANG_WARN_STRICT_PROTOTYPES = YES;
				CLANG_WARN_SUSPICIOUS_MOVE = YES;
				CLANG_WARN_UNGUARDED_AVAILABILITY = YES_AGGRESSIVE;
				CLANG_WARN_UNREACHABLE_CODE = YES;
				CLANG_WARN__DUPLICATE_METHOD_MATCH = YES;
				COPY_PHASE_STRIP = NO;
				DEBUG_INFORMATION_FORMAT = "dwarf-with-dsym";
				ENABLE_NS_ASSERTIONS = NO;
				ENABLE_STRICT_OBJC_MSGSEND = YES;
				GCC_C_LANGUAGE_STANDARD = gnu11;
				GCC_NO_COMMON_BLOCKS = YES;
				GCC_WARN_64_TO_32_BIT_CONVERSION = YES;
				GCC_WARN_ABOUT_RETURN_TYPE = YES_ERROR;
				GCC_WARN_UNDECLARED_SELECTOR = YES;
				GCC_WARN_UNINITIALIZED_AUTOS = YES_AGGRESSIVE;
				GCC_WARN_UNUSED_FUNCTION = YES;
				GCC_WARN_UNUSED_VARIABLE = YES;
				IPHONEOS_DEPLOYMENT_TARGET = 16.4;
				MTL_ENABLE_DEBUG_INFO = NO;
				MTL_FAST_MATH = YES;
				SDKROOT = iphoneos;
				SWIFT_COMPILATION_MODE = wholemodule;
				SWIFT_OPTIMIZATION_LEVEL = "-O";
				VALIDATE_PRODUCT = YES;
			};
			name = Release;
		};
		67656F572A0C1397005D67F8 /* Debug */ = {
			isa = XCBuildConfiguration;
			buildSettings = {
				ASSETCATALOG_COMPILER_APPICON_NAME = AppIcon;
				ASSETCATALOG_COMPILER_GLOBAL_ACCENT_COLOR_NAME = AccentColor;
				CODE_SIGN_STYLE = Automatic;
				CURRENT_PROJECT_VERSION = 1;
				DEVELOPMENT_ASSET_PATHS = "\"KaileeMakes/Preview Content\"";
				DEVELOPMENT_TEAM = 6C5XZW5MAS;
				ENABLE_PREVIEWS = YES;
				GENERATE_INFOPLIST_FILE = YES;
				INFOPLIST_KEY_UIApplicationSceneManifest_Generation = YES;
				INFOPLIST_KEY_UIApplicationSupportsIndirectInputEvents = YES;
				INFOPLIST_KEY_UILaunchScreen_Generation = YES;
				INFOPLIST_KEY_UISupportedInterfaceOrientations_iPad = "UIInterfaceOrientationPortrait UIInterfaceOrientationPortraitUpsideDown UIInterfaceOrientationLandscapeLeft UIInterfaceOrientationLandscapeRight";
				INFOPLIST_KEY_UISupportedInterfaceOrientations_iPhone = "UIInterfaceOrientationPortrait UIInterfaceOrientationLandscapeLeft UIInterfaceOrientationLandscapeRight";
				LD_RUNPATH_SEARCH_PATHS = (
					"$(inherited)",
					"@executable_path/Frameworks",
				);
				MARKETING_VERSION = 1.0;
				PRODUCT_BUNDLE_IDENTIFIER = com.kaileemakes.KaileeMakes;
				PRODUCT_NAME = "$(TARGET_NAME)";
				SWIFT_EMIT_LOC_STRINGS = YES;
				SWIFT_VERSION = 5.0;
				TARGETED_DEVICE_FAMILY = "1,2";
			};
			name = Debug;
		};
		67656F582A0C1397005D67F8 /* Release */ = {
			isa = XCBuildConfiguration;
			buildSettings = {
				ASSETCATALOG_COMPILER_APPICON_NAME = AppIcon;
				ASSETCATALOG_COMPILER_GLOBAL_ACCENT_COLOR_NAME = AccentColor;
				CODE_SIGN_STYLE = Automatic;
				CURRENT_PROJECT_VERSION = 1;
				DEVELOPMENT_ASSET_PATHS = "\"KaileeMakes/Preview Content\"";
				DEVELOPMENT_TEAM = 6C5XZW5MAS;
				ENABLE_PREVIEWS = YES;
				GENERATE_INFOPLIST_FILE = YES;
				INFOPLIST_KEY_UIApplicationSceneManifest_Generation = YES;
				INFOPLIST_KEY_UIApplicationSupportsIndirectInputEvents = YES;
				INFOPLIST_KEY_UILaunchScreen_Generation = YES;
				INFOPLIST_KEY_UISupportedInterfaceOrientations_iPad = "UIInterfaceOrientationPortrait UIInterfaceOrientationPortraitUpsideDown UIInterfaceOrientationLandscapeLeft UIInterfaceOrientationLandscapeRight";
				INFOPLIST_KEY_UISupportedInterfaceOrientations_iPhone = "UIInterfaceOrientationPortrait UIInterfaceOrientationLandscapeLeft UIInterfaceOrientationLandscapeRight";
				LD_RUNPATH_SEARCH_PATHS = (
					"$(inherited)",
					"@executable_path/Frameworks",
				);
				MARKETING_VERSION = 1.0;
				PRODUCT_BUNDLE_IDENTIFIER = com.kaileemakes.KaileeMakes;
				PRODUCT_NAME = "$(TARGET_NAME)";
				SWIFT_EMIT_LOC_STRINGS = YES;
				SWIFT_VERSION = 5.0;
				TARGETED_DEVICE_FAMILY = "1,2";
			};
			name = Release;
		};
		67656F5A2A0C1397005D67F8 /* Debug */ = {
			isa = XCBuildConfiguration;
			buildSettings = {
				ALWAYS_EMBED_SWIFT_STANDARD_LIBRARIES = YES;
				BUNDLE_LOADER = "$(TEST_HOST)";
				CODE_SIGN_STYLE = Automatic;
				CURRENT_PROJECT_VERSION = 1;
				DEVELOPMENT_TEAM = 6C5XZW5MAS;
				GENERATE_INFOPLIST_FILE = YES;
				IPHONEOS_DEPLOYMENT_TARGET = 16.4;
				MARKETING_VERSION = 1.0;
				PRODUCT_BUNDLE_IDENTIFIER = com.kaileemakes.KaileeMakesTests;
				PRODUCT_NAME = "$(TARGET_NAME)";
				SWIFT_EMIT_LOC_STRINGS = NO;
				SWIFT_VERSION = 5.0;
				TARGETED_DEVICE_FAMILY = "1,2";
				TEST_HOST = "$(BUILT_PRODUCTS_DIR)/KaileeMakes.app/$(BUNDLE_EXECUTABLE_FOLDER_PATH)/KaileeMakes";
			};
			name = Debug;
		};
		67656F5B2A0C1397005D67F8 /* Release */ = {
			isa = XCBuildConfiguration;
			buildSettings = {
				ALWAYS_EMBED_SWIFT_STANDARD_LIBRARIES = YES;
				BUNDLE_LOADER = "$(TEST_HOST)";
				CODE_SIGN_STYLE = Automatic;
				CURRENT_PROJECT_VERSION = 1;
				DEVELOPMENT_TEAM = 6C5XZW5MAS;
				GENERATE_INFOPLIST_FILE = YES;
				IPHONEOS_DEPLOYMENT_TARGET = 16.4;
				MARKETING_VERSION = 1.0;
				PRODUCT_BUNDLE_IDENTIFIER = com.kaileemakes.KaileeMakesTests;
				PRODUCT_NAME = "$(TARGET_NAME)";
				SWIFT_EMIT_LOC_STRINGS = NO;
				SWIFT_VERSION = 5.0;
				TARGETED_DEVICE_FAMILY = "1,2";
				TEST_HOST = "$(BUILT_PRODUCTS_DIR)/KaileeMakes.app/$(BUNDLE_EXECUTABLE_FOLDER_PATH)/KaileeMakes";
			};
			name = Release;
		};
		67656F5D2A0C1397005D67F8 /* Debug */ = {
			isa = XCBuildConfiguration;
			buildSettings = {
				ALWAYS_EMBED_SWIFT_STANDARD_LIBRARIES = YES;
				CODE_SIGN_STYLE = Automatic;
				CURRENT_PROJECT_VERSION = 1;
				DEVELOPMENT_TEAM = 6C5XZW5MAS;
				GENERATE_INFOPLIST_FILE = YES;
				MARKETING_VERSION = 1.0;
				PRODUCT_BUNDLE_IDENTIFIER = com.kaileemakes.KaileeMakesUITests;
				PRODUCT_NAME = "$(TARGET_NAME)";
				SWIFT_EMIT_LOC_STRINGS = NO;
				SWIFT_VERSION = 5.0;
				TARGETED_DEVICE_FAMILY = "1,2";
				TEST_TARGET_NAME = KaileeMakes;
			};
			name = Debug;
		};
		67656F5E2A0C1397005D67F8 /* Release */ = {
			isa = XCBuildConfiguration;
			buildSettings = {
				ALWAYS_EMBED_SWIFT_STANDARD_LIBRARIES = YES;
				CODE_SIGN_STYLE = Automatic;
				CURRENT_PROJECT_VERSION = 1;
				DEVELOPMENT_TEAM = 6C5XZW5MAS;
				GENERATE_INFOPLIST_FILE = YES;
				MARKETING_VERSION = 1.0;
				PRODUCT_BUNDLE_IDENTIFIER = com.kaileemakes.KaileeMakesUITests;
				PRODUCT_NAME = "$(TARGET_NAME)";
				SWIFT_EMIT_LOC_STRINGS = NO;
				SWIFT_VERSION = 5.0;
				TARGETED_DEVICE_FAMILY = "1,2";
				TEST_TARGET_NAME = KaileeMakes;
			};
			name = Release;
		};
/* End XCBuildConfiguration section */

/* Begin XCConfigurationList section */
		67656F2D2A0C1392005D67F8 /* Build configuration list for PBXProject "KaileeMakes" */ = {
			isa = XCConfigurationList;
			buildConfigurations = (
				67656F542A0C1397005D67F8 /* Debug */,
				67656F552A0C1397005D67F8 /* Release */,
			);
			defaultConfigurationIsVisible = 0;
			defaultConfigurationName = Release;
		};
		67656F562A0C1397005D67F8 /* Build configuration list for PBXNativeTarget "KaileeMakes" */ = {
			isa = XCConfigurationList;
			buildConfigurations = (
				67656F572A0C1397005D67F8 /* Debug */,
				67656F582A0C1397005D67F8 /* Release */,
			);
			defaultConfigurationIsVisible = 0;
			defaultConfigurationName = Release;
		};
		67656F592A0C1397005D67F8 /* Build configuration list for PBXNativeTarget "KaileeMakesTests" */ = {
			isa = XCConfigurationList;
			buildConfigurations = (
				67656F5A2A0C1397005D67F8 /* Debug */,
				67656F5B2A0C1397005D67F8 /* Release */,
			);
			defaultConfigurationIsVisible = 0;
			defaultConfigurationName = Release;
		};
		67656F5C2A0C1397005D67F8 /* Build configuration list for PBXNativeTarget "KaileeMakesUITests" */ = {
			isa = XCConfigurationList;
			buildConfigurations = (
				67656F5D2A0C1397005D67F8 /* Debug */,
				67656F5E2A0C1397005D67F8 /* Release */,
			);
			defaultConfigurationIsVisible = 0;
			defaultConfigurationName = Release;
		};
/* End XCConfigurationList section */
	};
	rootObject = 67656F2A2A0C1392005D67F8 /* Project object */;
}
